// !$*UTF8*$!
{
	archiveVersion = 1;
	classes = {
	};
	objectVersion = 55;
	objects = {

/* Begin PBXBuildFile section */
		AB0C07DA285CDF42006D2E8A /* EjemploApp.swift in Sources */ = {isa = PBXBuildFile; fileRef = AB0C07D9285CDF42006D2E8A /* EjemploApp.swift */; };
		AB0C07DC285CDF42006D2E8A /* ContentView.swift in Sources */ = {isa = PBXBuildFile; fileRef = AB0C07DB285CDF42006D2E8A /* ContentView.swift */; };
		AB0C07DE285CDF43006D2E8A /* Assets.xcassets in Resources */ = {isa = PBXBuildFile; fileRef = AB0C07DD285CDF43006D2E8A /* Assets.xcassets */; };
		AB0C07E1285CDF43006D2E8A /* Preview Assets.xcassets in Resources */ = {isa = PBXBuildFile; fileRef = AB0C07E0285CDF43006D2E8A /* Preview Assets.xcassets */; };
		AB0C07EA285CE746006D2E8A /* ImageView.swift in Sources */ = {isa = PBXBuildFile; fileRef = AB0C07E9285CE746006D2E8A /* ImageView.swift */; };
		AB0C07EE285D083E006D2E8A /* MapView.swift in Sources */ = {isa = PBXBuildFile; fileRef = AB0C07ED285D083E006D2E8A /* MapView.swift */; };
		AB0C07F0285D0C52006D2E8A /* MainView.swift in Sources */ = {isa = PBXBuildFile; fileRef = AB0C07EF285D0C52006D2E8A /* MainView.swift */; };
		AB0C07F3285D21B9006D2E8A /* Programmer.swift in Sources */ = {isa = PBXBuildFile; fileRef = AB0C07F2285D21B9006D2E8A /* Programmer.swift */; };
/* End PBXBuildFile section */

/* Begin PBXFileReference section */
		AB0C07D6285CDF42006D2E8A /* Ejemplo.app */ = {isa = PBXFileReference; explicitFileType = wrapper.application; includeInIndex = 0; path = Ejemplo.app; sourceTree = BUILT_PRODUCTS_DIR; };
		AB0C07D9285CDF42006D2E8A /* EjemploApp.swift */ = {isa = PBXFileReference; lastKnownFileType = sourcecode.swift; path = EjemploApp.swift; sourceTree = "<group>"; };
		AB0C07DB285CDF42006D2E8A /* ContentView.swift */ = {isa = PBXFileReference; lastKnownFileType = sourcecode.swift; path = ContentView.swift; sourceTree = "<group>"; };
		AB0C07DD285CDF43006D2E8A /* Assets.xcassets */ = {isa = PBXFileReference; lastKnownFileType = folder.assetcatalog; path = Assets.xcassets; sourceTree = "<group>"; };
		AB0C07E0285CDF43006D2E8A /* Preview Assets.xcassets */ = {isa = PBXFileReference; lastKnownFileType = folder.assetcatalog; path = "Preview Assets.xcassets"; sourceTree = "<group>"; };
		AB0C07E9285CE746006D2E8A /* ImageView.swift */ = {isa = PBXFileReference; lastKnownFileType = sourcecode.swift; path = ImageView.swift; sourceTree = "<group>"; };
		AB0C07ED285D083E006D2E8A /* MapView.swift */ = {isa = PBXFileReference; lastKnownFileType = sourcecode.swift; path = MapView.swift; sourceTree = "<group>"; };
		AB0C07EF285D0C52006D2E8A /* MainView.swift */ = {isa = PBXFileReference; lastKnownFileType = sourcecode.swift; path = MainView.swift; sourceTree = "<group>"; };
		AB0C07F2285D21B9006D2E8A /* Programmer.swift */ = {isa = PBXFileReference; lastKnownFileType = sourcecode.swift; path = Programmer.swift; sourceTree = "<group>"; };
/* End PBXFileReference section */

/* Begin PBXFrameworksBuildPhase section */
		AB0C07D3285CDF42006D2E8A /* Frameworks */ = {
			isa = PBXFrameworksBuildPhase;
			buildActionMask = 2147483647;
			files = (
			);
			runOnlyForDeploymentPostprocessing = 0;
		};
/* End PBXFrameworksBuildPhase section */

/* Begin PBXGroup section */
		AB0C07CD285CDF41006D2E8A = {
			isa = PBXGroup;
			children = (
				AB0C07D8285CDF42006D2E8A /* Ejemplo */,
				AB0C07D7285CDF42006D2E8A /* Products */,
			);
			sourceTree = "<group>";
		};
		AB0C07D7285CDF42006D2E8A /* Products */ = {
			isa = PBXGroup;
			children = (
				AB0C07D6285CDF42006D2E8A /* Ejemplo.app */,
			);
			name = Products;
			sourceTree = "<group>";
		};
		AB0C07D8285CDF42006D2E8A /* Ejemplo */ = {
			isa = PBXGroup;
			children = (
				AB0C07F1285D218B006D2E8A /* Data */,
				AB0C07D9285CDF42006D2E8A /* EjemploApp.swift */,
				AB0C07DB285CDF42006D2E8A /* ContentView.swift */,
				AB0C07ED285D083E006D2E8A /* MapView.swift */,
				AB0C07EF285D0C52006D2E8A /* MainView.swift */,
				AB0C07E9285CE746006D2E8A /* ImageView.swift */,
				AB0C07DD285CDF43006D2E8A /* Assets.xcassets */,
				AB0C07DF285CDF43006D2E8A /* Preview Content */,
			);
			path = Ejemplo;
			sourceTree = "<group>";
		};
		AB0C07DF285CDF43006D2E8A /* Preview Content */ = {
			isa = PBXGroup;
			children = (
				AB0C07E0285CDF43006D2E8A /* Preview Assets.xcassets */,
			);
			path = "Preview Content";
			sourceTree = "<group>";
		};
		AB0C07F1285D218B006D2E8A /* Data */ = {
			isa = PBXGroup;
			children = (
				AB0C07F2285D21B9006D2E8A /* Programmer.swift */,
			);
			path = Data;
			sourceTree = "<group>";
		};
/* End PBXGroup section */

/* Begin PBXNativeTarget section */
		AB0C07D5285CDF42006D2E8A /* Ejemplo */ = {
			isa = PBXNativeTarget;
			buildConfigurationList = AB0C07E4285CDF43006D2E8A /* Build configuration list for PBXNativeTarget "Ejemplo" */;
			buildPhases = (
				AB0C07D2285CDF42006D2E8A /* Sources */,
				AB0C07D3285CDF42006D2E8A /* Frameworks */,
				AB0C07D4285CDF42006D2E8A /* Resources */,
			);
			buildRules = (
			);
			dependencies = (
			);
			name = Ejemplo;
			productName = Ejemplo;
			productReference = AB0C07D6285CDF42006D2E8A /* Ejemplo.app */;
			productType = "com.apple.product-type.application";
		};
/* End PBXNativeTarget section */

/* Begin PBXProject section */
		AB0C07CE285CDF41006D2E8A /* Project object */ = {
			isa = PBXProject;
			attributes = {
				BuildIndependentTargetsInParallel = 1;
				LastSwiftUpdateCheck = 1320;
				LastUpgradeCheck = 1320;
				TargetAttributes = {
					AB0C07D5285CDF42006D2E8A = {
						CreatedOnToolsVersion = 13.2.1;
					};
				};
			};
			buildConfigurationList = AB0C07D1285CDF41006D2E8A /* Build configuration list for PBXProject "Ejemplo" */;
			compatibilityVersion = "Xcode 13.0";
			developmentRegion = en;
			hasScannedForEncodings = 0;
			knownRegions = (
				en,
				Base,
			);
			mainGroup = AB0C07CD285CDF41006D2E8A;
			productRefGroup = AB0C07D7285CDF42006D2E8A /* Products */;
			projectDirPath = "";
			projectRoot = "";
			targets = (
				AB0C07D5285CDF42006D2E8A /* Ejemplo */,
			);
		};
/* End PBXProject section */

/* Begin PBXResourcesBuildPhase section */
		AB0C07D4285CDF42006D2E8A /* Resources */ = {
			isa = PBXResourcesBuildPhase;
			buildActionMask = 2147483647;
			files = (
				AB0C07E1285CDF43006D2E8A /* Preview Assets.xcassets in Resources */,
				AB0C07DE285CDF43006D2E8A /* Assets.xcassets in Resources */,
			);
			runOnlyForDeploymentPostprocessing = 0;
		};
/* End PBXResourcesBuildPhase section */

/* Begin PBXSourcesBuildPhase section */
		AB0C07D2285CDF42006D2E8A /* Sources */ = {
			isa = PBXSourcesBuildPhase;
			buildActionMask = 2147483647;
			files = (
				AB0C07EA285CE746006D2E8A /* ImageView.swift in Sources */,
				AB0C07F3285D21B9006D2E8A /* Programmer.swift in Sources */,
				AB0C07EE285D083E006D2E8A /* MapView.swift in Sources */,
				AB0C07DC285CDF42006D2E8A /* ContentView.swift in Sources */,
				AB0C07F0285D0C52006D2E8A /* MainView.swift in Sources */,
				AB0C07DA285CDF42006D2E8A /* EjemploApp.swift in Sources */,
			);
			runOnlyForDeploymentPostprocessing = 0;
		};
/* End PBXSourcesBuildPhase section */

/* Begin XCBuildConfiguration section */
		AB0C07E2285CDF43006D2E8A /* Debug */ = {
			isa = XCBuildConfiguration;
			buildSettings = {
				ALWAYS_SEARCH_USER_PATHS = NO;
				CLANG_ANALYZER_NONNULL = YES;
				CLANG_ANALYZER_NUMBER_OBJECT_CONVERSION = YES_AGGRESSIVE;
				CLANG_CXX_LANGUAGE_STANDARD = "gnu++17";
				CLANG_CXX_LIBRARY = "libc++";
				CLANG_ENABLE_MODULES = YES;
				CLANG_ENABLE_OBJC_ARC = YES;
				CLANG_ENABLE_OBJC_WEAK = YES;
				CLANG_WARN_BLOCK_CAPTURE_AUTORELEASING = YES;
				CLANG_WARN_BOOL_CONVERSION = YES;
				CLANG_WARN_COMMA = YES;
				CLANG_WARN_CONSTANT_CONVERSION = YES;
				CLANG_WARN_DEPRECATED_OBJC_IMPLEMENTATIONS = YES;
				CLANG_WARN_DIRECT_OBJC_ISA_USAGE = YES_ERROR;
				CLANG_WARN_DOCUMENTATION_COMMENTS = YES;
				CLANG_WARN_EMPTY_BODY = YES;
				CLANG_WARN_ENUM_CONVERSION = YES;
				CLANG_WARN_INFINITE_RECURSION = YES;
				CLANG_WARN_INT_CONVERSION = YES;
				CLANG_WARN_NON_LITERAL_NULL_CONVERSION = YES;
				CLANG_WARN_OBJC_IMPLICIT_RETAIN_SELF = YES;
				CLANG_WARN_OBJC_LITERAL_CONVERSION = YES;
				CLANG_WARN_OBJC_ROOT_CLASS = YES_ERROR;
				CLANG_WARN_QUOTED_INCLUDE_IN_FRAMEWORK_HEADER = YES;
				CLANG_WARN_RANGE_LOOP_ANALYSIS = YES;
				CLANG_WARN_STRICT_PROTOTYPES = YES;
				CLANG_WARN_SUSPICIOUS_MOVE = YES;
				CLANG_WARN_UNGUARDED_AVAILABILITY = YES_AGGRESSIVE;
				CLANG_WARN_UNREACHABLE_CODE = YES;
				CLANG_WARN__DUPLICATE_METHOD_MATCH = YES;
				COPY_PHASE_STRIP = NO;
				DEBUG_INFORMATION_FORMAT = dwarf;
				ENABLE_STRICT_OBJC_MSGSEND = YES;
				ENABLE_TESTABILITY = YES;
				GCC_C_LANGUAGE_STANDARD = gnu11;
				GCC_DYNAMIC_NO_PIC = NO;
				GCC_NO_COMMON_BLOCKS = YES;
				GCC_OPTIMIZATION_LEVEL = 0;
				GCC_PREPROCESSOR_DEFINITIONS = (
					"DEBUG=1",
					"$(inherited)",
				);
				GCC_WARN_64_TO_32_BIT_CONVERSION = YES;
				GCC_WARN_ABOUT_RETURN_TYPE = YES_ERROR;
				GCC_WARN_UNDECLARED_SELECTOR = YES;
				GCC_WARN_UNINITIALIZED_AUTOS = YES_AGGRESSIVE;
				GCC_WARN_UNUSED_FUNCTION = YES;
				GCC_WARN_UNUSED_VARIABLE = YES;
				IPHONEOS_DEPLOYMENT_TARGET = 15.2;
				MTL_ENABLE_DEBUG_INFO = INCLUDE_SOURCE;
				MTL_FAST_MATH = YES;
				ONLY_ACTIVE_ARCH = YES;
				SDKROOT = iphoneos;
				SWIFT_ACTIVE_COMPILATION_CONDITIONS = DEBUG;
				SWIFT_OPTIMIZATION_LEVEL = "-Onone";
			};
			name = Debug;
		};
		AB0C07E3285CDF43006D2E8A /* Release */ = {
			isa = XCBuildConfiguration;
			buildSettings = {
				ALWAYS_SEARCH_USER_PATHS = NO;
				CLANG_ANALYZER_NONNULL = YES;
				CLANG_ANALYZER_NUMBER_OBJECT_CONVERSION = YES_AGGRESSIVE;
				CLANG_CXX_LANGUAGE_STANDARD = "gnu++17";
				CLANG_CXX_LIBRARY = "libc++";
				CLANG_ENABLE_MODULES = YES;
				CLANG_ENABLE_OBJC_ARC = YES;
				CLANG_ENABLE_OBJC_WEAK = YES;
				CLANG_WARN_BLOCK_CAPTURE_AUTORELEASING = YES;
				CLANG_WARN_BOOL_CONVERSION = YES;
				CLANG_WARN_COMMA = YES;
				CLANG_WARN_CONSTANT_CONVERSION = YES;
				CLANG_WARN_DEPRECATED_OBJC_IMPLEMENTATIONS = YES;
				CLANG_WARN_DIRECT_OBJC_ISA_USAGE = YES_ERROR;
				CLANG_WARN_DOCUMENTATION_COMMENTS = YES;
				CLANG_WARN_EMPTY_BODY = YES;
				CLANG_WARN_ENUM_CONVERSION = YES;
				CLANG_WARN_INFINITE_RECURSION = YES;
				CLANG_WARN_INT_CONVERSION = YES;
				CLANG_WARN_NON_LITERAL_NULL_CONVERSION = YES;
				CLANG_WARN_OBJC_IMPLICIT_RETAIN_SELF = YES;
				CLANG_WARN_OBJC_LITERAL_CONVERSION = YES;
				CLANG_WARN_OBJC_ROOT_CLASS = YES_ERROR;
				CLANG_WARN_QUOTED_INCLUDE_IN_FRAMEWORK_HEADER = YES;
				CLANG_WARN_RANGE_LOOP_ANALYSIS = YES;
				CLANG_WARN_STRICT_PROTOTYPES = YES;
				CLANG_WARN_SUSPICIOUS_MOVE = YES;
				CLANG_WARN_UNGUARDED_AVAILABILITY = YES_AGGRESSIVE;
				CLANG_WARN_UNREACHABLE_CODE = YES;
				CLANG_WARN__DUPLICATE_METHOD_MATCH = YES;
				COPY_PHASE_STRIP = NO;
				DEBUG_INFORMATION_FORMAT = "dwarf-with-dsym";
				ENABLE_NS_ASSERTIONS = NO;
				ENABLE_STRICT_OBJC_MSGSEND = YES;
				GCC_C_LANGUAGE_STANDARD = gnu11;
				GCC_NO_COMMON_BLOCKS = YES;
				GCC_WARN_64_TO_32_BIT_CONVERSION = YES;
				GCC_WARN_ABOUT_RETURN_TYPE = YES_ERROR;
				GCC_WARN_UNDECLARED_SELECTOR = YES;
				GCC_WARN_UNINITIALIZED_AUTOS = YES_AGGRESSIVE;
				GCC_WARN_UNUSED_FUNCTION = YES;
				GCC_WARN_UNUSED_VARIABLE = YES;
				IPHONEOS_DEPLOYMENT_TARGET = 15.2;
				MTL_ENABLE_DEBUG_INFO = NO;
				MTL_FAST_MATH = YES;
				SDKROOT = iphoneos;
				SWIFT_COMPILATION_MODE = wholemodule;
				SWIFT_OPTIMIZATION_LEVEL = "-O";
				VALIDATE_PRODUCT = YES;
			};
			name = Release;
		};
		AB0C07E5285CDF43006D2E8A /* Debug */ = {
			isa = XCBuildConfiguration;
			buildSettings = {
				ASSETCATALOG_COMPILER_APPICON_NAME = AppIcon;
				ASSETCATALOG_COMPILER_GLOBAL_ACCENT_COLOR_NAME = AccentColor;
				CODE_SIGN_STYLE = Automatic;
				CURRENT_PROJECT_VERSION = 1;
				DEVELOPMENT_ASSET_PATHS = "\"Ejemplo/Preview Content\"";
				ENABLE_PREVIEWS = YES;
				GENERATE_INFOPLIST_FILE = YES;
				INFOPLIST_KEY_UIApplicationSceneManifest_Generation = YES;
				INFOPLIST_KEY_UIApplicationSupportsIndirectInputEvents = YES;
				INFOPLIST_KEY_UILaunchScreen_Generation = YES;
				INFOPLIST_KEY_UISupportedInterfaceOrientations_iPad = "UIInterfaceOrientationPortrait UIInterfaceOrientationPortraitUpsideDown UIInterfaceOrientationLandscapeLeft UIInterfaceOrientationLandscapeRight";
				INFOPLIST_KEY_UISupportedInterfaceOrientations_iPhone = "UIInterfaceOrientationPortrait UIInterfaceOrientationLandscapeLeft UIInterfaceOrientationLandscapeRight";
				LD_RUNPATH_SEARCH_PATHS = (
					"$(inherited)",
					"@executable_path/Frameworks",
				);
				MARKETING_VERSION = 1.0;
				PRODUCT_BUNDLE_IDENTIFIER = example.Ejemplo;
				PRODUCT_NAME = "$(TARGET_NAME)";
				SWIFT_EMIT_LOC_STRINGS = YES;
				SWIFT_VERSION = 5.0;
				TARGETED_DEVICE_FAMILY = "1,2";
			};
			name = Debug;
		};
		AB0C07E6285CDF43006D2E8A /* Release */ = {
			isa = XCBuildConfiguration;
			buildSettings = {
				ASSETCATALOG_COMPILER_APPICON_NAME = AppIcon;
				ASSETCATALOG_COMPILER_GLOBAL_ACCENT_COLOR_NAME = AccentColor;
				CODE_SIGN_STYLE = Automatic;
				CURRENT_PROJECT_VERSION = 1;
				DEVELOPMENT_ASSET_PATHS = "\"Ejemplo/Preview Content\"";
				ENABLE_PREVIEWS = YES;
				GENERATE_INFOPLIST_FILE = YES;
				INFOPLIST_KEY_UIApplicationSceneManifest_Generation = YES;
				INFOPLIST_KEY_UIApplicationSupportsIndirectInputEvents = YES;
				INFOPLIST_KEY_UILaunchScreen_Generation = YES;
				INFOPLIST_KEY_UISupportedInterfaceOrientations_iPad = "UIInterfaceOrientationPortrait UIInterfaceOrientationPortraitUpsideDown UIInterfaceOrientationLandscapeLeft UIInterfaceOrientationLandscapeRight";
				INFOPLIST_KEY_UISupportedInterfaceOrientations_iPhone = "UIInterfaceOrientationPortrait UIInterfaceOrientationLandscapeLeft UIInterfaceOrientationLandscapeRight";
				LD_RUNPATH_SEARCH_PATHS = (
					"$(inherited)",
					"@executable_path/Frameworks",
				);
				MARKETING_VERSION = 1.0;
				PRODUCT_BUNDLE_IDENTIFIER = example.Ejemplo;
				PRODUCT_NAME = "$(TARGET_NAME)";
				SWIFT_EMIT_LOC_STRINGS = YES;
				SWIFT_VERSION = 5.0;
				TARGETED_DEVICE_FAMILY = "1,2";
			};
			name = Release;
		};
/* End XCBuildConfiguration section */

/* Begin XCConfigurationList section */
		AB0C07D1285CDF41006D2E8A /* Build configuration list for PBXProject "Ejemplo" */ = {
			isa = XCConfigurationList;
			buildConfigurations = (
				AB0C07E2285CDF43006D2E8A /* Debug */,
				AB0C07E3285CDF43006D2E8A /* Release */,
			);
			defaultConfigurationIsVisible = 0;
			defaultConfigurationName = Release;
		};
		AB0C07E4285CDF43006D2E8A /* Build configuration list for PBXNativeTarget "Ejemplo" */ = {
			isa = XCConfigurationList;
			buildConfigurations = (
				AB0C07E5285CDF43006D2E8A /* Debug */,
				AB0C07E6285CDF43006D2E8A /* Release */,
			);
			defaultConfigurationIsVisible = 0;
			defaultConfigurationName = Release;
		};
/* End XCConfigurationList section */
	};
	rootObject = AB0C07CE285CDF41006D2E8A /* Project object */;
}
